
Microsoft Visual Studio Solution File, Format Version 12.00
# Visual Studio 2017
Project("{FAE04EC0-301F-11D3-BF4B-00C04F79EFBC}") = "SnakeJumper-3D", "SnakeJumper-3D.csproj", "{6721C7D7-9305-648F-15D9-EB9FADF0B428}"
EndProject
Global
	GlobalSection(SolutionConfigurationPlatforms) = preSolution
		Debug|Any CPU = Debug|Any CPU
		Release|Any CPU = Release|Any CPU
	EndGlobalSection
	GlobalSection(ProjectConfigurationPlatforms) = postSolution
		{6721C7D7-9305-648F-15D9-EB9FADF0B428}.Debug|Any CPU.ActiveCfg = Debug|Any CPU
		{6721C7D7-9305-648F-15D9-EB9FADF0B428}.Debug|Any CPU.Build.0 = Debug|Any CPU
		{6721C7D7-9305-648F-15D9-EB9FADF0B428}.Release|Any CPU.ActiveCfg = Release|Any CPU
		{6721C7D7-9305-648F-15D9-EB9FADF0B428}.Release|Any CPU.Build.0 = Release|Any CPU
	EndGlobalSection
	GlobalSection(SolutionProperties) = preSolution
		HideSolutionNode = FALSE
	EndGlobalSection
EndGlobal
